{
  "meteor": {},
  "dependencies": {
    "basePackages": {
      "reactive-publish": {}
    },
    "packages": {
      "reactive-publish": {
        "git": "https://github.com/Diggsey/meteor-reactive-publish.git",
        "tag": "v0.1.6",
        "commit": "dd8c149f109a1f3d1cac7e36293cf5904538ca90"
      },
      "server-deps": {
        "git": "https://github.com/Diggsey/meteor-server-deps.git",
        "tag": "v0.1.2",
        "commit": "2db5d15fad9240723549cbbc5260a74b6b7e1c61"
      }
    }
  }
}
